# This file is automatically @generated by Cargo.
# It is not intended for manual editing.
version = 3

[[package]]
name = "cc"
version = "1.0.73"
source = "registry+https://github.com/rust-lang/crates.io-index"
checksum = "2fff2a6927b3bb87f9595d67196a70493f627687a71d87a0d692242c33f58c11"
dependencies = [
 "jobserver",
]

[[package]]
name = "h264-decode"
version = "0.1.0"
dependencies = [
 "openh264",
 "safer-ffi",
]

[[package]]
name = "jobserver"
version = "0.1.24"
source = "registry+https://github.com/rust-lang/crates.io-index"
checksum = "af25a77299a7f711a01975c35a6a424eb6862092cc2d6c72c4ed6cbc56dfc1fa"
dependencies = [
 "libc",
]

[[package]]
name = "libc"
version = "0.2.124"
source = "registry+https://github.com/rust-lang/crates.io-index"
checksum = "21a41fed9d98f27ab1c6d161da622a4fa35e8a54a8adc24bbf3ddd0ef70b0e50"

[[package]]
name = "mini_paste"
version = "0.1.11"
source = "registry+https://github.com/rust-lang/crates.io-index"
checksum = "d2499b7bd9834270bf24cfc4dd96be59020ba6fd7f3276b772aee2de66e82b63"
dependencies = [
 "mini_paste-proc_macro",
]

[[package]]
name = "mini_paste-proc_macro"
version = "0.1.11"
source = "registry+https://github.com/rust-lang/crates.io-index"
checksum = "e6c5f1f52e39b728e73af4b454f1b29173d4544607bd395dafe1918fd149db67"

[[package]]
name = "openh264"
version = "0.2.13"
source = "registry+https://github.com/rust-lang/crates.io-index"
checksum = "2b48baece47a20751035fa928f50e6a25f799e70c52e0e451894cd0c358ecf63"
dependencies = [
 "openh264-sys2",
]

[[package]]
name = "openh264-sys2"
version = "0.2.13"
source = "registry+https://github.com/rust-lang/crates.io-index"
checksum = "40b3b4205e0682892be9503fcb22ed315d2b8d31ba539b27dd2a4ef076fe9c9d"
dependencies = [
 "cc",
 "walkdir",
]

[[package]]
name = "safer-ffi"
version = "0.0.7"
source = "registry+https://github.com/rust-lang/crates.io-index"
checksum = "c52424d2271f2f5aae854241d76244d75194b3486c6714c8020cdb8384c6be22"
dependencies = [
 "libc",
 "mini_paste",
 "safer_ffi-proc_macro",
]

[[package]]
name = "safer_ffi-proc_macro"
version = "0.0.7"
source = "registry+https://github.com/rust-lang/crates.io-index"
checksum = "a12d277e24f04228e8c56c5e4482d9dccd44a287746dbc57464d5f7aea2d2d07"

[[package]]
name = "same-file"
version = "1.0.6"
source = "registry+https://github.com/rust-lang/crates.io-index"
checksum = "93fc1dc3aaa9bfed95e02e6eadabb4baf7e3078b0bd1b4d7b6b0b68378900502"
dependencies = [
 "winapi-util",
]

[[package]]
name = "walkdir"
version = "2.3.2"
source = "registry+https://github.com/rust-lang/crates.io-index"
checksum = "808cf2735cd4b6866113f648b791c6adc5714537bc222d9347bb203386ffda56"
dependencies = [
 "same-file",
 "winapi",
 "winapi-util",
]

[[package]]
name = "winapi"
version = "0.3.9"
source = "registry+https://github.com/rust-lang/crates.io-index"
checksum = "5c839a674fcd7a98952e593242ea400abe93992746761e38641405d28b00f419"
dependencies = [
 "winapi-i686-pc-windows-gnu",
 "winapi-x86_64-pc-windows-gnu",
]

[[package]]
name = "winapi-i686-pc-windows-gnu"
version = "0.4.0"
source = "registry+https://github.com/rust-lang/crates.io-index"
checksum = "ac3b87c63620426dd9b991e5ce0329eff545bccbbb34f3be09ff6fb6ab51b7b6"

[[package]]
name = "winapi-util"
version = "0.1.5"
source = "registry+https://github.com/rust-lang/crates.io-index"
checksum = "70ec6ce85bb158151cae5e5c87f95a8e97d2c0c4b001223f33a334e3ce5de178"
dependencies = [
 "winapi",
]

[[package]]
name = "winapi-x86_64-pc-windows-gnu"
version = "0.4.0"
source = "registry+https://github.com/rust-lang/crates.io-index"
checksum = "712e227841d057c1ee1cd2fb22fa7e5a5461ae8e48fa2ca79ec42cfc1931183f"
